# THIS IS AN AUTOGENERATED FILE. DO NOT EDIT THIS FILE DIRECTLY.
# yarn lockfile v1


"@reduxjs/toolkit@^1.3.5":
  version "1.3.5"
  resolved "https://registry.yarnpkg.com/@reduxjs/toolkit/-/toolkit-1.3.5.tgz#37c1ab6de9aa66f95bab25a8e9bd9d8ec3b7b80c"
  integrity sha512-QVqI2T6kwT/3CVdCa6KjUDdEz9YY1eCLQVcRZamiaOAcKI7kkJSh2P0GjaaKXTjIFy0u9sWCXjzifPJNGoXjlw==
  dependencies:
    immer "^6.0.1"
    redux "^4.0.0"
    redux-thunk "^2.3.0"
    reselect "^4.0.0"

immer@^6.0.1:
  version "6.0.3"
  resolved "https://registry.yarnpkg.com/immer/-/immer-6.0.3.tgz#94d5051cd724668160a900d66d85ec02816f29bd"
  integrity sha512-12VvNrfSrXZdm/BJgi/KDW2soq5freVSf3I1+4CLunUM8mAGx2/0Njy0xBVzi5zewQZiwM7z1/1T+8VaI7NkmQ==

"js-tokens@^3.0.0 || ^4.0.0":
  version "4.0.0"
  resolved "https://registry.yarnpkg.com/js-tokens/-/js-tokens-4.0.0.tgz#19203fb59991df98e3a287050d4647cdeaf32499"
  integrity sha512-RdJUflcE3cUzKiMqQgsCu06FPu9UdIJO0beYbPhHN4k6apgJtifcoCtT9bcxOpYBtpD2kCM6Sbzg4CausW/PKQ==

loose-envify@^1.4.0:
  version "1.4.0"
  resolved "https://registry.yarnpkg.com/loose-envify/-/loose-envify-1.4.0.tgz#71ee51fa7be4caec1a63839f7e682d8132d30caf"
  integrity sha512-lyuxPGr/Wfhrlem2CL/UcnUc1zcqKAImBDzukY7Y5F/yQiNdko6+fRLevlw1HgMySw7f611UIY408EtxRSoK3Q==
  dependencies:
    js-tokens "^3.0.0 || ^4.0.0"

react-context-toolkit@^1.0.5:
  version "1.0.5"
  resolved "https://registry.yarnpkg.com/react-context-toolkit/-/react-context-toolkit-1.0.5.tgz#b144e712962608d2025754dcd1d358c52ea6c788"
  integrity sha512-2h60Pxg9NOWRC0b/DEEb/zRhcpEnv/Q20RLgmA990qHm8U5L5TN5TdZLtRVPieE+S8lJSpOyB7XRNDblsY3WaA==
  dependencies:
    "@reduxjs/toolkit" "^1.3.5"
    use-context-selector "^1.1.1"

redux-thunk@^2.3.0:
  version "2.3.0"
  resolved "https://registry.yarnpkg.com/redux-thunk/-/redux-thunk-2.3.0.tgz#51c2c19a185ed5187aaa9a2d08b666d0d6467622"
  integrity sha512-km6dclyFnmcvxhAcrQV2AkZmPQjzPDjgVlQtR0EQjxZPyJ0BnMf3in1ryuR8A2qU0HldVRfxYXbFSKlI3N7Slw==

redux@^4.0.0:
  version "4.0.5"
  resolved "https://registry.yarnpkg.com/redux/-/redux-4.0.5.tgz#4db5de5816e17891de8a80c424232d06f051d93f"
  integrity sha512-VSz1uMAH24DM6MF72vcojpYPtrTUu3ByVWfPL1nPfVRb5mZVTve5GnNCUV53QM/BZ66xfWrm0CTWoM+Xlz8V1w==
  dependencies:
    loose-envify "^1.4.0"
    symbol-observable "^1.2.0"

reselect@^4.0.0:
  version "4.0.0"
  resolved "https://registry.yarnpkg.com/reselect/-/reselect-4.0.0.tgz#f2529830e5d3d0e021408b246a206ef4ea4437f7"
  integrity sha512-qUgANli03jjAyGlnbYVAV5vvnOmJnODyABz51RdBN7M4WaVu8mecZWgyQNkG8Yqe3KRGRt0l4K4B3XVEULC4CA==

symbol-observable@^1.2.0:
  version "1.2.0"
  resolved "https://registry.yarnpkg.com/symbol-observable/-/symbol-observable-1.2.0.tgz#c22688aed4eab3cdc2dfeacbb561660560a00804"
  integrity sha512-e900nM8RRtGhlV36KGEU9k65K3mPb1WV70OdjfxlG2EAuM1noi/E/BaW/uMhL7bPEssK8QV57vN3esixjUvcXQ==

use-context-selector@^1.1.1:
  version "1.1.1"
  resolved "https://registry.yarnpkg.com/use-context-selector/-/use-context-selector-1.1.1.tgz#1180ad98dcc585aee39c458a3e5582392a1afcf9"
  integrity sha512-MDcSTShyTB+PMlbIeN0kWzTeognnXyH6ffZL+fHwaTegNRQvpzbELIZW80Bdmjn+xckxfVugfz2WqTXcFsA8UA==
